
Microsoft Visual Studio Solution File, Format Version 12.00
# Visual Studio 15
VisualStudioVersion = 15.0.27130.2010
MinimumVisualStudioVersion = 10.0.40219.1
Project("{FAE04EC0-301F-11D3-BF4B-00C04F79EFBC}") = "PongLibrary", "PongLibrary\PongLibrary.csproj", "{B79076B1-462F-4EFD-8051-8B35FE0183EB}"
EndProject
Global
	GlobalSection(SolutionConfigurationPlatforms) = preSolution
		Debug|Any CPU = Debug|Any CPU
		Release|Any CPU = Release|Any CPU
	EndGlobalSection
	GlobalSection(ProjectConfigurationPlatforms) = postSolution
		{B79076B1-462F-4EFD-8051-8B35FE0183EB}.Debug|Any CPU.ActiveCfg = Debug|Any CPU
		{B79076B1-462F-4EFD-8051-8B35FE0183EB}.Debug|Any CPU.Build.0 = Debug|Any CPU
		{B79076B1-462F-4EFD-8051-8B35FE0183EB}.Release|Any CPU.ActiveCfg = Release|Any CPU
		{B79076B1-462F-4EFD-8051-8B35FE0183EB}.Release|Any CPU.Build.0 = Release|Any CPU
	EndGlobalSection
	GlobalSection(SolutionProperties) = preSolution
		HideSolutionNode = FALSE
	EndGlobalSection
	GlobalSection(ExtensibilityGlobals) = postSolution
		SolutionGuid = {09A9A50E-2A01-423D-BB2D-E50F5100EC8F}
	EndGlobalSection
EndGlobal
